
Microsoft Visual Studio Solution File, Format Version 12.00
# Visual Studio Version 17
VisualStudioVersion = 17.2.32630.192
MinimumVisualStudioVersion = 10.0.40219.1
Project("{FAE04EC0-301F-11D3-BF4B-00C04F79EFBC}") = "Server", "Server\Server.csproj", "{2179188B-98F5-4100-9B9D-4711244EF200}"
EndProject
Global
	GlobalSection(SolutionConfigurationPlatforms) = preSolution
		Debug|Any CPU = Debug|Any CPU
		Release|Any CPU = Release|Any CPU
	EndGlobalSection
	GlobalSection(ProjectConfigurationPlatforms) = postSolution
		{2179188B-98F5-4100-9B9D-4711244EF200}.Debug|Any CPU.ActiveCfg = Debug|Any CPU
		{2179188B-98F5-4100-9B9D-4711244EF200}.Debug|Any CPU.Build.0 = Debug|Any CPU
		{2179188B-98F5-4100-9B9D-4711244EF200}.Release|Any CPU.ActiveCfg = Release|Any CPU
		{2179188B-98F5-4100-9B9D-4711244EF200}.Release|Any CPU.Build.0 = Release|Any CPU
	EndGlobalSection
	GlobalSection(SolutionProperties) = preSolution
		HideSolutionNode = FALSE
	EndGlobalSection
	GlobalSection(ExtensibilityGlobals) = postSolution
		SolutionGuid = {489ECB3D-56D3-49D2-8A15-93C3DC539538}
	EndGlobalSection
EndGlobal
